
Microsoft Visual Studio Solution File, Format Version 12.00
# Visual Studio 15
VisualStudioVersion = 15.0.26730.12
MinimumVisualStudioVersion = 10.0.40219.1
Project("{FAE04EC0-301F-11D3-BF4B-00C04F79EFBC}") = "GameWindowAutomation.Core", "GameWindowAutomation.Core\GameWindowAutomation.Core.csproj", "{3FA7DF28-3FC5-4AD3-B023-BEFE02802866}"
EndProject
Project("{FAE04EC0-301F-11D3-BF4B-00C04F79EFBC}") = "GameWindowAutomation.WinFormsGui", "GameWindowAutomation.WinFormsGui\GameWindowAutomation.WinFormsGui.csproj", "{C2F2822A-A58C-4CCF-93AC-454DC66CAC4A}"
EndProject
Project("{FAE04EC0-301F-11D3-BF4B-00C04F79EFBC}") = "WindowScrape", "..\..\..\GitHub\WindowScrape\Source\WindowScrape.csproj", "{9EE32BA3-7B86-44B3-9F85-9EDB0EACF710}"
EndProject
Project("{FAE04EC0-301F-11D3-BF4B-00C04F79EFBC}") = "KeyboardListener", "..\..\..\GitHub\KeyboardListener\KeyboardListener\KeyboardListener.csproj", "{F4241F49-A243-448E-88A7-319F9CAB8675}"
EndProject
Global
	GlobalSection(SolutionConfigurationPlatforms) = preSolution
		Debug|Any CPU = Debug|Any CPU
		Debug|x86 = Debug|x86
		Release|Any CPU = Release|Any CPU
		Release|x86 = Release|x86
	EndGlobalSection
	GlobalSection(ProjectConfigurationPlatforms) = postSolution
		{3FA7DF28-3FC5-4AD3-B023-BEFE02802866}.Debug|Any CPU.ActiveCfg = Debug|Any CPU
		{3FA7DF28-3FC5-4AD3-B023-BEFE02802866}.Debug|Any CPU.Build.0 = Debug|Any CPU
		{3FA7DF28-3FC5-4AD3-B023-BEFE02802866}.Debug|x86.ActiveCfg = Debug|Any CPU
		{3FA7DF28-3FC5-4AD3-B023-BEFE02802866}.Debug|x86.Build.0 = Debug|Any CPU
		{3FA7DF28-3FC5-4AD3-B023-BEFE02802866}.Release|Any CPU.ActiveCfg = Release|Any CPU
		{3FA7DF28-3FC5-4AD3-B023-BEFE02802866}.Release|Any CPU.Build.0 = Release|Any CPU
		{3FA7DF28-3FC5-4AD3-B023-BEFE02802866}.Release|x86.ActiveCfg = Release|Any CPU
		{3FA7DF28-3FC5-4AD3-B023-BEFE02802866}.Release|x86.Build.0 = Release|Any CPU
		{C2F2822A-A58C-4CCF-93AC-454DC66CAC4A}.Debug|Any CPU.ActiveCfg = Debug|Any CPU
		{C2F2822A-A58C-4CCF-93AC-454DC66CAC4A}.Debug|Any CPU.Build.0 = Debug|Any CPU
		{C2F2822A-A58C-4CCF-93AC-454DC66CAC4A}.Debug|x86.ActiveCfg = Debug|Any CPU
		{C2F2822A-A58C-4CCF-93AC-454DC66CAC4A}.Debug|x86.Build.0 = Debug|Any CPU
		{C2F2822A-A58C-4CCF-93AC-454DC66CAC4A}.Release|Any CPU.ActiveCfg = Release|Any CPU
		{C2F2822A-A58C-4CCF-93AC-454DC66CAC4A}.Release|Any CPU.Build.0 = Release|Any CPU
		{C2F2822A-A58C-4CCF-93AC-454DC66CAC4A}.Release|x86.ActiveCfg = Release|Any CPU
		{C2F2822A-A58C-4CCF-93AC-454DC66CAC4A}.Release|x86.Build.0 = Release|Any CPU
		{9EE32BA3-7B86-44B3-9F85-9EDB0EACF710}.Debug|Any CPU.ActiveCfg = Debug|x86
		{9EE32BA3-7B86-44B3-9F85-9EDB0EACF710}.Debug|x86.ActiveCfg = Debug|x86
		{9EE32BA3-7B86-44B3-9F85-9EDB0EACF710}.Debug|x86.Build.0 = Debug|x86
		{9EE32BA3-7B86-44B3-9F85-9EDB0EACF710}.Release|Any CPU.ActiveCfg = Release|x86
		{9EE32BA3-7B86-44B3-9F85-9EDB0EACF710}.Release|x86.ActiveCfg = Release|x86
		{9EE32BA3-7B86-44B3-9F85-9EDB0EACF710}.Release|x86.Build.0 = Release|x86
		{F4241F49-A243-448E-88A7-319F9CAB8675}.Debug|Any CPU.ActiveCfg = Debug|Any CPU
		{F4241F49-A243-448E-88A7-319F9CAB8675}.Debug|Any CPU.Build.0 = Debug|Any CPU
		{F4241F49-A243-448E-88A7-319F9CAB8675}.Debug|x86.ActiveCfg = Debug|Any CPU
		{F4241F49-A243-448E-88A7-319F9CAB8675}.Debug|x86.Build.0 = Debug|Any CPU
		{F4241F49-A243-448E-88A7-319F9CAB8675}.Release|Any CPU.ActiveCfg = Release|Any CPU
		{F4241F49-A243-448E-88A7-319F9CAB8675}.Release|Any CPU.Build.0 = Release|Any CPU
		{F4241F49-A243-448E-88A7-319F9CAB8675}.Release|x86.ActiveCfg = Release|Any CPU
		{F4241F49-A243-448E-88A7-319F9CAB8675}.Release|x86.Build.0 = Release|Any CPU
	EndGlobalSection
	GlobalSection(SolutionProperties) = preSolution
		HideSolutionNode = FALSE
	EndGlobalSection
	GlobalSection(ExtensibilityGlobals) = postSolution
		SolutionGuid = {0E49649A-FE6D-40BA-8E49-E48D111984FF}
	EndGlobalSection
EndGlobal
